# This is a Gradle generated file for dependency locking.
# Manual edits can break the build and are not advised.
# This file is expected to be part of source control.
aopalliance:aopalliance:1.0=compileClasspath,runtimeClasspath
com.bitwig:extension-api:20=compileClasspath,runtimeClasspath
com.google.code.findbugs:jsr305:3.0.2=runtimeClasspath
com.google.guava:guava:19.0=compileClasspath,runtimeClasspath
com.google.inject:guice:4.1.0=compileClasspath,runtimeClasspath
javax.inject:javax.inject:1=compileClasspath,runtimeClasspath
org.jetbrains.kotlin:kotlin-stdlib:2.0.0=compileClasspath,runtimeClasspath
org.jetbrains:annotations:13.0=compileClasspath,runtimeClasspath
empty=annotationProcessor
